
Microsoft Visual Studio Solution File, Format Version 12.00
# Visual Studio Version 17
VisualStudioVersion = 17.3.32922.545
MinimumVisualStudioVersion = 10.0.40219.1
Project("{9A19103F-16F7-4668-BE54-9A1E7A4F7556}") = "web-api-permision", "web-api-permision\web-api-permision.csproj", "{B73F95B5-46E8-44C7-AB9B-B4B5622E4C12}"
EndProject
Project("{9A19103F-16F7-4668-BE54-9A1E7A4F7556}") = "web-api-lib-data", "web-api-lib-data\web-api-lib-data.csproj", "{A4F225E1-A94A-4EB4-A302-7CC56D5B111E}"
EndProject
Project("{FAE04EC0-301F-11D3-BF4B-00C04F79EFBC}") = "web-api-lib-application", "web-api-lib-application\web-api-lib-application.csproj", "{A1305F46-B4FD-4637-8E1F-98DBC737FDF9}"
EndProject
Global
	GlobalSection(SolutionConfigurationPlatforms) = preSolution
		Debug|Any CPU = Debug|Any CPU
		Release|Any CPU = Release|Any CPU
	EndGlobalSection
	GlobalSection(ProjectConfigurationPlatforms) = postSolution
		{B73F95B5-46E8-44C7-AB9B-B4B5622E4C12}.Debug|Any CPU.ActiveCfg = Debug|Any CPU
		{B73F95B5-46E8-44C7-AB9B-B4B5622E4C12}.Debug|Any CPU.Build.0 = Debug|Any CPU
		{B73F95B5-46E8-44C7-AB9B-B4B5622E4C12}.Release|Any CPU.ActiveCfg = Release|Any CPU
		{B73F95B5-46E8-44C7-AB9B-B4B5622E4C12}.Release|Any CPU.Build.0 = Release|Any CPU
		{A4F225E1-A94A-4EB4-A302-7CC56D5B111E}.Debug|Any CPU.ActiveCfg = Debug|Any CPU
		{A4F225E1-A94A-4EB4-A302-7CC56D5B111E}.Debug|Any CPU.Build.0 = Debug|Any CPU
		{A4F225E1-A94A-4EB4-A302-7CC56D5B111E}.Release|Any CPU.ActiveCfg = Release|Any CPU
		{A4F225E1-A94A-4EB4-A302-7CC56D5B111E}.Release|Any CPU.Build.0 = Release|Any CPU
		{A1305F46-B4FD-4637-8E1F-98DBC737FDF9}.Debug|Any CPU.ActiveCfg = Debug|Any CPU
		{A1305F46-B4FD-4637-8E1F-98DBC737FDF9}.Debug|Any CPU.Build.0 = Debug|Any CPU
		{A1305F46-B4FD-4637-8E1F-98DBC737FDF9}.Release|Any CPU.ActiveCfg = Release|Any CPU
		{A1305F46-B4FD-4637-8E1F-98DBC737FDF9}.Release|Any CPU.Build.0 = Release|Any CPU
	EndGlobalSection
	GlobalSection(SolutionProperties) = preSolution
		HideSolutionNode = FALSE
	EndGlobalSection
	GlobalSection(ExtensibilityGlobals) = postSolution
		SolutionGuid = {B2738B69-EF91-4FF3-9B05-773C23056103}
	EndGlobalSection
EndGlobal
